// !$*UTF8*$!
{
	archiveVersion = 1;
	classes = {
	};
	objectVersion = 46;
	objects = {

/* Begin PBXBuildFile section */
		0BFBE4EF78A10ACDD667E46E /* Pods_pokedex10.framework in Frameworks */ = {isa = PBXBuildFile; fileRef = 7558ECF53B5A98545F6EACB0 /* Pods_pokedex10.framework */; };
		2D37EE5DEA83C454BD052E7B /* Pods_pokedex10Tests.framework in Frameworks */ = {isa = PBXBuildFile; fileRef = F3B54ACCC5F4594B35F8F6E4 /* Pods_pokedex10Tests.framework */; };
		87E3B0DEA8A59E5DE9388B2D /* Pods_pokedex10UITests.framework in Frameworks */ = {isa = PBXBuildFile; fileRef = 0EA54375644CAB5095552CAA /* Pods_pokedex10UITests.framework */; };
		D138E2881F23F3B200C0CB3C /* PokeCell.swift in Sources */ = {isa = PBXBuildFile; fileRef = D138E2871F23F3B200C0CB3C /* PokeCell.swift */; };
		D1B0A0371F23DDB60079CD1D /* AppDelegate.swift in Sources */ = {isa = PBXBuildFile; fileRef = D1B0A0361F23DDB60079CD1D /* AppDelegate.swift */; };
		D1B0A0391F23DDB60079CD1D /* ViewController.swift in Sources */ = {isa = PBXBuildFile; fileRef = D1B0A0381F23DDB60079CD1D /* ViewController.swift */; };
		D1B0A03C1F23DDB60079CD1D /* Main.storyboard in Resources */ = {isa = PBXBuildFile; fileRef = D1B0A03A1F23DDB60079CD1D /* Main.storyboard */; };
		D1B0A03E1F23DDB60079CD1D /* Assets.xcassets in Resources */ = {isa = PBXBuildFile; fileRef = D1B0A03D1F23DDB60079CD1D /* Assets.xcassets */; };
		D1B0A0411F23DDB60079CD1D /* LaunchScreen.storyboard in Resources */ = {isa = PBXBuildFile; fileRef = D1B0A03F1F23DDB60079CD1D /* LaunchScreen.storyboard */; };
		D1B0A0571F23DDB60079CD1D /* pokedex10UITests.swift in Sources */ = {isa = PBXBuildFile; fileRef = D1B0A0561F23DDB60079CD1D /* pokedex10UITests.swift */; };
		D1B0A0651F23E57E0079CD1D /* pokemon.csv in Resources */ = {isa = PBXBuildFile; fileRef = D1B0A0641F23E57E0079CD1D /* pokemon.csv */; };
		D1B0A0681F23E84C0079CD1D /* Pokemon.swift in Sources */ = {isa = PBXBuildFile; fileRef = D1B0A0671F23E84C0079CD1D /* Pokemon.swift */; };
		D1F083E61F2658FB00262239 /* csv.swift in Sources */ = {isa = PBXBuildFile; fileRef = D1F083E51F2658FB00262239 /* csv.swift */; };
		D1F083E81F26616900262239 /* Pokemon.ttf in Resources */ = {isa = PBXBuildFile; fileRef = D1F083E71F26616900262239 /* Pokemon.ttf */; };
		D1F083ED1F26630D00262239 /* music.png in Resources */ = {isa = PBXBuildFile; fileRef = D1F083EC1F26630D00262239 /* music.png */; };
		D1F083EF1F26635000262239 /* music.mp3 in Resources */ = {isa = PBXBuildFile; fileRef = D1F083EE1F26635000262239 /* music.mp3 */; };
		D1F083F11F268C5400262239 /* PokemonDetailVC.swift in Sources */ = {isa = PBXBuildFile; fileRef = D1F083F01F268C5400262239 /* PokemonDetailVC.swift */; };
		D1F083F31F26BC9200262239 /* Constants.swift in Sources */ = {isa = PBXBuildFile; fileRef = D1F083F21F26BC9200262239 /* Constants.swift */; };
/* End PBXBuildFile section */

/* Begin PBXContainerItemProxy section */
		D1B0A0481F23DDB60079CD1D /* PBXContainerItemProxy */ = {
			isa = PBXContainerItemProxy;
			containerPortal = D1B0A02B1F23DDB60079CD1D /* Project object */;
			proxyType = 1;
			remoteGlobalIDString = D1B0A0321F23DDB60079CD1D;
			remoteInfo = pokedex10;
		};
		D1B0A0531F23DDB60079CD1D /* PBXContainerItemProxy */ = {
			isa = PBXContainerItemProxy;
			containerPortal = D1B0A02B1F23DDB60079CD1D /* Project object */;
			proxyType = 1;
			remoteGlobalIDString = D1B0A0321F23DDB60079CD1D;
			remoteInfo = pokedex10;
		};
/* End PBXContainerItemProxy section */

/* Begin PBXFileReference section */
		0EA54375644CAB5095552CAA /* Pods_pokedex10UITests.framework */ = {isa = PBXFileReference; explicitFileType = wrapper.framework; includeInIndex = 0; path = Pods_pokedex10UITests.framework; sourceTree = BUILT_PRODUCTS_DIR; };
		60AD7EAA2778E3FD27BF13D9 /* Pods-pokedex10.debug.xcconfig */ = {isa = PBXFileReference; includeInIndex = 1; lastKnownFileType = text.xcconfig; name = "Pods-pokedex10.debug.xcconfig"; path = "Pods/Target Support Files/Pods-pokedex10/Pods-pokedex10.debug.xcconfig"; sourceTree = "<group>"; };
		7558ECF53B5A98545F6EACB0 /* Pods_pokedex10.framework */ = {isa = PBXFileReference; explicitFileType = wrapper.framework; includeInIndex = 0; path = Pods_pokedex10.framework; sourceTree = BUILT_PRODUCTS_DIR; };
		79A8D54D18629DDE8F81C649 /* Pods-pokedex10UITests.debug.xcconfig */ = {isa = PBXFileReference; includeInIndex = 1; lastKnownFileType = text.xcconfig; name = "Pods-pokedex10UITests.debug.xcconfig"; path = "Pods/Target Support Files/Pods-pokedex10UITests/Pods-pokedex10UITests.debug.xcconfig"; sourceTree = "<group>"; };
		94AF09FAACE540B656AC74D5 /* Pods-pokedex10Tests.release.xcconfig */ = {isa = PBXFileReference; includeInIndex = 1; lastKnownFileType = text.xcconfig; name = "Pods-pokedex10Tests.release.xcconfig"; path = "Pods/Target Support Files/Pods-pokedex10Tests/Pods-pokedex10Tests.release.xcconfig"; sourceTree = "<group>"; };
		A94665D982425E07F1A45CDB /* Pods-pokedex10.release.xcconfig */ = {isa = PBXFileReference; includeInIndex = 1; lastKnownFileType = text.xcconfig; name = "Pods-pokedex10.release.xcconfig"; path = "Pods/Target Support Files/Pods-pokedex10/Pods-pokedex10.release.xcconfig"; sourceTree = "<group>"; };
		C1E4267C4E5C4475D6A76876 /* Pods-pokedex10Tests.debug.xcconfig */ = {isa = PBXFileReference; includeInIndex = 1; lastKnownFileType = text.xcconfig; name = "Pods-pokedex10Tests.debug.xcconfig"; path = "Pods/Target Support Files/Pods-pokedex10Tests/Pods-pokedex10Tests.debug.xcconfig"; sourceTree = "<group>"; };
		D138E2871F23F3B200C0CB3C /* PokeCell.swift */ = {isa = PBXFileReference; fileEncoding = 4; lastKnownFileType = sourcecode.swift; path = PokeCell.swift; sourceTree = "<group>"; };
		D1B0A0331F23DDB60079CD1D /* pokedex10.app */ = {isa = PBXFileReference; explicitFileType = wrapper.application; includeInIndex = 0; path = pokedex10.app; sourceTree = BUILT_PRODUCTS_DIR; };
		D1B0A0361F23DDB60079CD1D /* AppDelegate.swift */ = {isa = PBXFileReference; lastKnownFileType = sourcecode.swift; path = AppDelegate.swift; sourceTree = "<group>"; };
		D1B0A0381F23DDB60079CD1D /* ViewController.swift */ = {isa = PBXFileReference; lastKnownFileType = sourcecode.swift; path = ViewController.swift; sourceTree = "<group>"; };
		D1B0A03B1F23DDB60079CD1D /* Base */ = {isa = PBXFileReference; lastKnownFileType = file.storyboard; name = Base; path = Base.lproj/Main.storyboard; sourceTree = "<group>"; };
		D1B0A03D1F23DDB60079CD1D /* Assets.xcassets */ = {isa = PBXFileReference; lastKnownFileType = folder.assetcatalog; path = Assets.xcassets; sourceTree = "<group>"; };
		D1B0A0401F23DDB60079CD1D /* Base */ = {isa = PBXFileReference; lastKnownFileType = file.storyboard; name = Base; path = Base.lproj/LaunchScreen.storyboard; sourceTree = "<group>"; };
		D1B0A0421F23DDB60079CD1D /* Info.plist */ = {isa = PBXFileReference; lastKnownFileType = text.plist.xml; path = Info.plist; sourceTree = "<group>"; };
		D1B0A0471F23DDB60079CD1D /* pokedex10Tests.xctest */ = {isa = PBXFileReference; explicitFileType = wrapper.cfbundle; includeInIndex = 0; path = pokedex10Tests.xctest; sourceTree = BUILT_PRODUCTS_DIR; };
		D1B0A04D1F23DDB60079CD1D /* Info.plist */ = {isa = PBXFileReference; lastKnownFileType = text.plist.xml; path = Info.plist; sourceTree = "<group>"; };
		D1B0A0521F23DDB60079CD1D /* pokedex10UITests.xctest */ = {isa = PBXFileReference; explicitFileType = wrapper.cfbundle; includeInIndex = 0; path = pokedex10UITests.xctest; sourceTree = BUILT_PRODUCTS_DIR; };
		D1B0A0561F23DDB60079CD1D /* pokedex10UITests.swift */ = {isa = PBXFileReference; lastKnownFileType = sourcecode.swift; path = pokedex10UITests.swift; sourceTree = "<group>"; };
		D1B0A0581F23DDB60079CD1D /* Info.plist */ = {isa = PBXFileReference; lastKnownFileType = text.plist.xml; path = Info.plist; sourceTree = "<group>"; };
		D1B0A0641F23E57E0079CD1D /* pokemon.csv */ = {isa = PBXFileReference; fileEncoding = 4; lastKnownFileType = text; path = pokemon.csv; sourceTree = "<group>"; };
		D1B0A0671F23E84C0079CD1D /* Pokemon.swift */ = {isa = PBXFileReference; fileEncoding = 4; lastKnownFileType = sourcecode.swift; path = Pokemon.swift; sourceTree = "<group>"; };
		D1F083E51F2658FB00262239 /* csv.swift */ = {isa = PBXFileReference; fileEncoding = 4; lastKnownFileType = sourcecode.swift; path = csv.swift; sourceTree = "<group>"; };
		D1F083E71F26616900262239 /* Pokemon.ttf */ = {isa = PBXFileReference; lastKnownFileType = file; path = Pokemon.ttf; sourceTree = "<group>"; };
		D1F083EC1F26630D00262239 /* music.png */ = {isa = PBXFileReference; lastKnownFileType = image.png; path = music.png; sourceTree = "<group>"; };
		D1F083EE1F26635000262239 /* music.mp3 */ = {isa = PBXFileReference; lastKnownFileType = audio.mp3; path = music.mp3; sourceTree = "<group>"; };
		D1F083F01F268C5400262239 /* PokemonDetailVC.swift */ = {isa = PBXFileReference; fileEncoding = 4; lastKnownFileType = sourcecode.swift; path = PokemonDetailVC.swift; sourceTree = "<group>"; };
		D1F083F21F26BC9200262239 /* Constants.swift */ = {isa = PBXFileReference; fileEncoding = 4; lastKnownFileType = sourcecode.swift; path = Constants.swift; sourceTree = "<group>"; };
		DFC9E943001B17CBD1AE0354 /* Pods-pokedex10UITests.release.xcconfig */ = {isa = PBXFileReference; includeInIndex = 1; lastKnownFileType = text.xcconfig; name = "Pods-pokedex10UITests.release.xcconfig"; path = "Pods/Target Support Files/Pods-pokedex10UITests/Pods-pokedex10UITests.release.xcconfig"; sourceTree = "<group>"; };
		F3B54ACCC5F4594B35F8F6E4 /* Pods_pokedex10Tests.framework */ = {isa = PBXFileReference; explicitFileType = wrapper.framework; includeInIndex = 0; path = Pods_pokedex10Tests.framework; sourceTree = BUILT_PRODUCTS_DIR; };
/* End PBXFileReference section */

/* Begin PBXFrameworksBuildPhase section */
		D1B0A0301F23DDB60079CD1D /* Frameworks */ = {
			isa = PBXFrameworksBuildPhase;
			buildActionMask = 2147483647;
			files = (
				0BFBE4EF78A10ACDD667E46E /* Pods_pokedex10.framework in Frameworks */,
			);
			runOnlyForDeploymentPostprocessing = 0;
		};
		D1B0A0441F23DDB60079CD1D /* Frameworks */ = {
			isa = PBXFrameworksBuildPhase;
			buildActionMask = 2147483647;
			files = (
				2D37EE5DEA83C454BD052E7B /* Pods_pokedex10Tests.framework in Frameworks */,
			);
			runOnlyForDeploymentPostprocessing = 0;
		};
		D1B0A04F1F23DDB60079CD1D /* Frameworks */ = {
			isa = PBXFrameworksBuildPhase;
			buildActionMask = 2147483647;
			files = (
				87E3B0DEA8A59E5DE9388B2D /* Pods_pokedex10UITests.framework in Frameworks */,
			);
			runOnlyForDeploymentPostprocessing = 0;
		};
/* End PBXFrameworksBuildPhase section */

/* Begin PBXGroup section */
		4299F21077E13EE5CFEAC1D2 /* Frameworks */ = {
			isa = PBXGroup;
			children = (
				7558ECF53B5A98545F6EACB0 /* Pods_pokedex10.framework */,
				F3B54ACCC5F4594B35F8F6E4 /* Pods_pokedex10Tests.framework */,
				0EA54375644CAB5095552CAA /* Pods_pokedex10UITests.framework */,
			);
			name = Frameworks;
			sourceTree = "<group>";
		};
		BA2450A08034474E3DAC32A8 /* Pods */ = {
			isa = PBXGroup;
			children = (
				60AD7EAA2778E3FD27BF13D9 /* Pods-pokedex10.debug.xcconfig */,
				A94665D982425E07F1A45CDB /* Pods-pokedex10.release.xcconfig */,
				C1E4267C4E5C4475D6A76876 /* Pods-pokedex10Tests.debug.xcconfig */,
				94AF09FAACE540B656AC74D5 /* Pods-pokedex10Tests.release.xcconfig */,
				79A8D54D18629DDE8F81C649 /* Pods-pokedex10UITests.debug.xcconfig */,
				DFC9E943001B17CBD1AE0354 /* Pods-pokedex10UITests.release.xcconfig */,
			);
			name = Pods;
			sourceTree = "<group>";
		};
		D138E2861F23F39800C0CB3C /* View */ = {
			isa = PBXGroup;
			children = (
				D138E2871F23F3B200C0CB3C /* PokeCell.swift */,
			);
			name = View;
			sourceTree = "<group>";
		};
		D1B0A02A1F23DDB60079CD1D = {
			isa = PBXGroup;
			children = (
				D1B0A0351F23DDB60079CD1D /* pokedex10 */,
				D1B0A04A1F23DDB60079CD1D /* pokedex10Tests */,
				D1B0A0551F23DDB60079CD1D /* pokedex10UITests */,
				D1B0A0341F23DDB60079CD1D /* Products */,
				BA2450A08034474E3DAC32A8 /* Pods */,
				4299F21077E13EE5CFEAC1D2 /* Frameworks */,
			);
			sourceTree = "<group>";
		};
		D1B0A0341F23DDB60079CD1D /* Products */ = {
			isa = PBXGroup;
			children = (
				D1B0A0331F23DDB60079CD1D /* pokedex10.app */,
				D1B0A0471F23DDB60079CD1D /* pokedex10Tests.xctest */,
				D1B0A0521F23DDB60079CD1D /* pokedex10UITests.xctest */,
			);
			name = Products;
			sourceTree = "<group>";
		};
		D1B0A0351F23DDB60079CD1D /* pokedex10 */ = {
			isa = PBXGroup;
			children = (
				D1F083EA1F2661A200262239 /* Resources */,
				D1B0A0661F23E8330079CD1D /* Model */,
				D138E2861F23F39800C0CB3C /* View */,
				D1F083E91F26619800262239 /* Controller */,
				D1B0A0361F23DDB60079CD1D /* AppDelegate.swift */,
				D1B0A03A1F23DDB60079CD1D /* Main.storyboard */,
				D1B0A03D1F23DDB60079CD1D /* Assets.xcassets */,
				D1B0A03F1F23DDB60079CD1D /* LaunchScreen.storyboard */,
				D1F083EB1F2661BB00262239 /* Util */,
				D1B0A0421F23DDB60079CD1D /* Info.plist */,
			);
			path = pokedex10;
			sourceTree = "<group>";
		};
		D1B0A04A1F23DDB60079CD1D /* pokedex10Tests */ = {
			isa = PBXGroup;
			children = (
				D1B0A04D1F23DDB60079CD1D /* Info.plist */,
			);
			path = pokedex10Tests;
			sourceTree = "<group>";
		};
		D1B0A0551F23DDB60079CD1D /* pokedex10UITests */ = {
			isa = PBXGroup;
			children = (
				D1B0A0561F23DDB60079CD1D /* pokedex10UITests.swift */,
				D1B0A0581F23DDB60079CD1D /* Info.plist */,
			);
			path = pokedex10UITests;
			sourceTree = "<group>";
		};
		D1B0A0661F23E8330079CD1D /* Model */ = {
			isa = PBXGroup;
			children = (
				D1B0A0671F23E84C0079CD1D /* Pokemon.swift */,
			);
			name = Model;
			sourceTree = "<group>";
		};
		D1F083E91F26619800262239 /* Controller */ = {
			isa = PBXGroup;
			children = (
				D1B0A0381F23DDB60079CD1D /* ViewController.swift */,
				D1F083F01F268C5400262239 /* PokemonDetailVC.swift */,
			);
			name = Controller;
			sourceTree = "<group>";
		};
		D1F083EA1F2661A200262239 /* Resources */ = {
			isa = PBXGroup;
			children = (
				D1F083EE1F26635000262239 /* music.mp3 */,
				D1F083EC1F26630D00262239 /* music.png */,
				D1B0A0641F23E57E0079CD1D /* pokemon.csv */,
				D1F083E71F26616900262239 /* Pokemon.ttf */,
			);
			name = Resources;
			sourceTree = "<group>";
		};
		D1F083EB1F2661BB00262239 /* Util */ = {
			isa = PBXGroup;
			children = (
				D1F083E51F2658FB00262239 /* csv.swift */,
				D1F083F21F26BC9200262239 /* Constants.swift */,
			);
			name = Util;
			sourceTree = "<group>";
		};
/* End PBXGroup section */

/* Begin PBXNativeTarget section */
		D1B0A0321F23DDB60079CD1D /* pokedex10 */ = {
			isa = PBXNativeTarget;
			buildConfigurationList = D1B0A05B1F23DDB60079CD1D /* Build configuration list for PBXNativeTarget "pokedex10" */;
			buildPhases = (
				F18C0C6FBE3A2583D9421470 /* [CP] Check Pods Manifest.lock */,
				D1B0A02F1F23DDB60079CD1D /* Sources */,
				D1B0A0301F23DDB60079CD1D /* Frameworks */,
				D1B0A0311F23DDB60079CD1D /* Resources */,
				ADCBC21A0B59425E13765C27 /* [CP] Embed Pods Frameworks */,
				AF03573EFF46DAF2196E7010 /* [CP] Copy Pods Resources */,
			);
			buildRules = (
			);
			dependencies = (
			);
			name = pokedex10;
			productName = pokedex10;
			productReference = D1B0A0331F23DDB60079CD1D /* pokedex10.app */;
			productType = "com.apple.product-type.application";
		};
		D1B0A0461F23DDB60079CD1D /* pokedex10Tests */ = {
			isa = PBXNativeTarget;
			buildConfigurationList = D1B0A05E1F23DDB60079CD1D /* Build configuration list for PBXNativeTarget "pokedex10Tests" */;
			buildPhases = (
				38427146905B256A1E603494 /* [CP] Check Pods Manifest.lock */,
				D1B0A0431F23DDB60079CD1D /* Sources */,
				D1B0A0441F23DDB60079CD1D /* Frameworks */,
				D1B0A0451F23DDB60079CD1D /* Resources */,
				318388201ADBC618EB8A8921 /* [CP] Embed Pods Frameworks */,
				44EEACCC34DFDA63DC4A45C4 /* [CP] Copy Pods Resources */,
			);
			buildRules = (
			);
			dependencies = (
				D1B0A0491F23DDB60079CD1D /* PBXTargetDependency */,
			);
			name = pokedex10Tests;
			productName = pokedex10Tests;
			productReference = D1B0A0471F23DDB60079CD1D /* pokedex10Tests.xctest */;
			productType = "com.apple.product-type.bundle.unit-test";
		};
		D1B0A0511F23DDB60079CD1D /* pokedex10UITests */ = {
			isa = PBXNativeTarget;
			buildConfigurationList = D1B0A0611F23DDB60079CD1D /* Build configuration list for PBXNativeTarget "pokedex10UITests" */;
			buildPhases = (
				9AB130458E87B764B50C4EFC /* [CP] Check Pods Manifest.lock */,
				D1B0A04E1F23DDB60079CD1D /* Sources */,
				D1B0A04F1F23DDB60079CD1D /* Frameworks */,
				D1B0A0501F23DDB60079CD1D /* Resources */,
				B2753EE4C996A92CDEEC1F3B /* [CP] Embed Pods Frameworks */,
				97740B684A257A8330FD301F /* [CP] Copy Pods Resources */,
			);
			buildRules = (
			);
			dependencies = (
				D1B0A0541F23DDB60079CD1D /* PBXTargetDependency */,
			);
			name = pokedex10UITests;
			productName = pokedex10UITests;
			productReference = D1B0A0521F23DDB60079CD1D /* pokedex10UITests.xctest */;
			productType = "com.apple.product-type.bundle.ui-testing";
		};
/* End PBXNativeTarget section */

/* Begin PBXProject section */
		D1B0A02B1F23DDB60079CD1D /* Project object */ = {
			isa = PBXProject;
			attributes = {
				LastSwiftUpdateCheck = 0830;
				LastUpgradeCheck = 0830;
				ORGANIZATIONNAME = "LALIT JAGTAP";
				TargetAttributes = {
					D1B0A0321F23DDB60079CD1D = {
						CreatedOnToolsVersion = 8.3.3;
						DevelopmentTeam = E2T7T7WYNN;
						LastSwiftMigration = 0830;
						ProvisioningStyle = Automatic;
					};
					D1B0A0461F23DDB60079CD1D = {
						CreatedOnToolsVersion = 8.3.3;
						DevelopmentTeam = E2T7T7WYNN;
						LastSwiftMigration = 0830;
						ProvisioningStyle = Automatic;
						TestTargetID = D1B0A0321F23DDB60079CD1D;
					};
					D1B0A0511F23DDB60079CD1D = {
						CreatedOnToolsVersion = 8.3.3;
						DevelopmentTeam = E2T7T7WYNN;
						LastSwiftMigration = 0830;
						ProvisioningStyle = Automatic;
						TestTargetID = D1B0A0321F23DDB60079CD1D;
					};
				};
			};
			buildConfigurationList = D1B0A02E1F23DDB60079CD1D /* Build configuration list for PBXProject "pokedex10" */;
			compatibilityVersion = "Xcode 3.2";
			developmentRegion = English;
			hasScannedForEncodings = 0;
			knownRegions = (
				en,
				Base,
			);
			mainGroup = D1B0A02A1F23DDB60079CD1D;
			productRefGroup = D1B0A0341F23DDB60079CD1D /* Products */;
			projectDirPath = "";
			projectRoot = "";
			targets = (
				D1B0A0321F23DDB60079CD1D /* pokedex10 */,
				D1B0A0461F23DDB60079CD1D /* pokedex10Tests */,
				D1B0A0511F23DDB60079CD1D /* pokedex10UITests */,
			);
		};
/* End PBXProject section */

/* Begin PBXResourcesBuildPhase section */
		D1B0A0311F23DDB60079CD1D /* Resources */ = {
			isa = PBXResourcesBuildPhase;
			buildActionMask = 2147483647;
			files = (
				D1F083E81F26616900262239 /* Pokemon.ttf in Resources */,
				D1B0A0411F23DDB60079CD1D /* LaunchScreen.storyboard in Resources */,
				D1B0A03E1F23DDB60079CD1D /* Assets.xcassets in Resources */,
				D1B0A0651F23E57E0079CD1D /* pokemon.csv in Resources */,
				D1B0A03C1F23DDB60079CD1D /* Main.storyboard in Resources */,
				D1F083EF1F26635000262239 /* music.mp3 in Resources */,
				D1F083ED1F26630D00262239 /* music.png in Resources */,
			);
			runOnlyForDeploymentPostprocessing = 0;
		};
		D1B0A0451F23DDB60079CD1D /* Resources */ = {
			isa = PBXResourcesBuildPhase;
			buildActionMask = 2147483647;
			files = (
			);
			runOnlyForDeploymentPostprocessing = 0;
		};
		D1B0A0501F23DDB60079CD1D /* Resources */ = {
			isa = PBXResourcesBuildPhase;
			buildActionMask = 2147483647;
			files = (
			);
			runOnlyForDeploymentPostprocessing = 0;
		};
/* End PBXResourcesBuildPhase section */

/* Begin PBXShellScriptBuildPhase section */
		318388201ADBC618EB8A8921 /* [CP] Embed Pods Frameworks */ = {
			isa = PBXShellScriptBuildPhase;
			buildActionMask = 2147483647;
			files = (
			);
			inputPaths = (
			);
			name = "[CP] Embed Pods Frameworks";
			outputPaths = (
			);
			runOnlyForDeploymentPostprocessing = 0;
			shellPath = /bin/sh;
			shellScript = "\"${SRCROOT}/Pods/Target Support Files/Pods-pokedex10Tests/Pods-pokedex10Tests-frameworks.sh\"\n";
			showEnvVarsInLog = 0;
		};
		38427146905B256A1E603494 /* [CP] Check Pods Manifest.lock */ = {
			isa = PBXShellScriptBuildPhase;
			buildActionMask = 2147483647;
			files = (
			);
			inputPaths = (
			);
			name = "[CP] Check Pods Manifest.lock";
			outputPaths = (
			);
			runOnlyForDeploymentPostprocessing = 0;
			shellPath = /bin/sh;
			shellScript = "diff \"${PODS_PODFILE_DIR_PATH}/Podfile.lock\" \"${PODS_ROOT}/Manifest.lock\" > /dev/null\nif [ $? != 0 ] ; then\n    # print error to STDERR\n    echo \"error: The sandbox is not in sync with the Podfile.lock. Run 'pod install' or update your CocoaPods installation.\" >&2\n    exit 1\nfi\n";
			showEnvVarsInLog = 0;
		};
		44EEACCC34DFDA63DC4A45C4 /* [CP] Copy Pods Resources */ = {
			isa = PBXShellScriptBuildPhase;
			buildActionMask = 2147483647;
			files = (
			);
			inputPaths = (
			);
			name = "[CP] Copy Pods Resources";
			outputPaths = (
			);
			runOnlyForDeploymentPostprocessing = 0;
			shellPath = /bin/sh;
			shellScript = "\"${SRCROOT}/Pods/Target Support Files/Pods-pokedex10Tests/Pods-pokedex10Tests-resources.sh\"\n";
			showEnvVarsInLog = 0;
		};
		97740B684A257A8330FD301F /* [CP] Copy Pods Resources */ = {
			isa = PBXShellScriptBuildPhase;
			buildActionMask = 2147483647;
			files = (
			);
			inputPaths = (
			);
			name = "[CP] Copy Pods Resources";
			outputPaths = (
			);
			runOnlyForDeploymentPostprocessing = 0;
			shellPath = /bin/sh;
			shellScript = "\"${SRCROOT}/Pods/Target Support Files/Pods-pokedex10UITests/Pods-pokedex10UITests-resources.sh\"\n";
			showEnvVarsInLog = 0;
		};
		9AB130458E87B764B50C4EFC /* [CP] Check Pods Manifest.lock */ = {
			isa = PBXShellScriptBuildPhase;
			buildActionMask = 2147483647;
			files = (
			);
			inputPaths = (
			);
			name = "[CP] Check Pods Manifest.lock";
			outputPaths = (
			);
			runOnlyForDeploymentPostprocessing = 0;
			shellPath = /bin/sh;
			shellScript = "diff \"${PODS_PODFILE_DIR_PATH}/Podfile.lock\" \"${PODS_ROOT}/Manifest.lock\" > /dev/null\nif [ $? != 0 ] ; then\n    # print error to STDERR\n    echo \"error: The sandbox is not in sync with the Podfile.lock. Run 'pod install' or update your CocoaPods installation.\" >&2\n    exit 1\nfi\n";
			showEnvVarsInLog = 0;
		};
		ADCBC21A0B59425E13765C27 /* [CP] Embed Pods Frameworks */ = {
			isa = PBXShellScriptBuildPhase;
			buildActionMask = 2147483647;
			files = (
			);
			inputPaths = (
			);
			name = "[CP] Embed Pods Frameworks";
			outputPaths = (
			);
			runOnlyForDeploymentPostprocessing = 0;
			shellPath = /bin/sh;
			shellScript = "\"${SRCROOT}/Pods/Target Support Files/Pods-pokedex10/Pods-pokedex10-frameworks.sh\"\n";
			showEnvVarsInLog = 0;
		};
		AF03573EFF46DAF2196E7010 /* [CP] Copy Pods Resources */ = {
			isa = PBXShellScriptBuildPhase;
			buildActionMask = 2147483647;
			files = (
			);
			inputPaths = (
			);
			name = "[CP] Copy Pods Resources";
			outputPaths = (
			);
			runOnlyForDeploymentPostprocessing = 0;
			shellPath = /bin/sh;
			shellScript = "\"${SRCROOT}/Pods/Target Support Files/Pods-pokedex10/Pods-pokedex10-resources.sh\"\n";
			showEnvVarsInLog = 0;
		};
		B2753EE4C996A92CDEEC1F3B /* [CP] Embed Pods Frameworks */ = {
			isa = PBXShellScriptBuildPhase;
			buildActionMask = 2147483647;
			files = (
			);
			inputPaths = (
			);
			name = "[CP] Embed Pods Frameworks";
			outputPaths = (
			);
			runOnlyForDeploymentPostprocessing = 0;
			shellPath = /bin/sh;
			shellScript = "\"${SRCROOT}/Pods/Target Support Files/Pods-pokedex10UITests/Pods-pokedex10UITests-frameworks.sh\"\n";
			showEnvVarsInLog = 0;
		};
		F18C0C6FBE3A2583D9421470 /* [CP] Check Pods Manifest.lock */ = {
			isa = PBXShellScriptBuildPhase;
			buildActionMask = 2147483647;
			files = (
			);
			inputPaths = (
			);
			name = "[CP] Check Pods Manifest.lock";
			outputPaths = (
			);
			runOnlyForDeploymentPostprocessing = 0;
			shellPath = /bin/sh;
			shellScript = "diff \"${PODS_PODFILE_DIR_PATH}/Podfile.lock\" \"${PODS_ROOT}/Manifest.lock\" > /dev/null\nif [ $? != 0 ] ; then\n    # print error to STDERR\n    echo \"error: The sandbox is not in sync with the Podfile.lock. Run 'pod install' or update your CocoaPods installation.\" >&2\n    exit 1\nfi\n";
			showEnvVarsInLog = 0;
		};
/* End PBXShellScriptBuildPhase section */

/* Begin PBXSourcesBuildPhase section */
		D1B0A02F1F23DDB60079CD1D /* Sources */ = {
			isa = PBXSourcesBuildPhase;
			buildActionMask = 2147483647;
			files = (
				D138E2881F23F3B200C0CB3C /* PokeCell.swift in Sources */,
				D1B0A0391F23DDB60079CD1D /* ViewController.swift in Sources */,
				D1B0A0371F23DDB60079CD1D /* AppDelegate.swift in Sources */,
				D1F083F11F268C5400262239 /* PokemonDetailVC.swift in Sources */,
				D1F083F31F26BC9200262239 /* Constants.swift in Sources */,
				D1B0A0681F23E84C0079CD1D /* Pokemon.swift in Sources */,
				D1F083E61F2658FB00262239 /* csv.swift in Sources */,
			);
			runOnlyForDeploymentPostprocessing = 0;
		};
		D1B0A0431F23DDB60079CD1D /* Sources */ = {
			isa = PBXSourcesBuildPhase;
			buildActionMask = 2147483647;
			files = (
			);
			runOnlyForDeploymentPostprocessing = 0;
		};
		D1B0A04E1F23DDB60079CD1D /* Sources */ = {
			isa = PBXSourcesBuildPhase;
			buildActionMask = 2147483647;
			files = (
				D1B0A0571F23DDB60079CD1D /* pokedex10UITests.swift in Sources */,
			);
			runOnlyForDeploymentPostprocessing = 0;
		};
/* End PBXSourcesBuildPhase section */

/* Begin PBXTargetDependency section */
		D1B0A0491F23DDB60079CD1D /* PBXTargetDependency */ = {
			isa = PBXTargetDependency;
			target = D1B0A0321F23DDB60079CD1D /* pokedex10 */;
			targetProxy = D1B0A0481F23DDB60079CD1D /* PBXContainerItemProxy */;
		};
		D1B0A0541F23DDB60079CD1D /* PBXTargetDependency */ = {
			isa = PBXTargetDependency;
			target = D1B0A0321F23DDB60079CD1D /* pokedex10 */;
			targetProxy = D1B0A0531F23DDB60079CD1D /* PBXContainerItemProxy */;
		};
/* End PBXTargetDependency section */

/* Begin PBXVariantGroup section */
		D1B0A03A1F23DDB60079CD1D /* Main.storyboard */ = {
			isa = PBXVariantGroup;
			children = (
				D1B0A03B1F23DDB60079CD1D /* Base */,
			);
			name = Main.storyboard;
			sourceTree = "<group>";
		};
		D1B0A03F1F23DDB60079CD1D /* LaunchScreen.storyboard */ = {
			isa = PBXVariantGroup;
			children = (
				D1B0A0401F23DDB60079CD1D /* Base */,
			);
			name = LaunchScreen.storyboard;
			sourceTree = "<group>";
		};
/* End PBXVariantGroup section */

/* Begin XCBuildConfiguration section */
		D1B0A0591F23DDB60079CD1D /* Debug */ = {
			isa = XCBuildConfiguration;
			buildSettings = {
				ALWAYS_SEARCH_USER_PATHS = NO;
				CLANG_ANALYZER_NONNULL = YES;
				CLANG_ANALYZER_NUMBER_OBJECT_CONVERSION = YES_AGGRESSIVE;
				CLANG_CXX_LANGUAGE_STANDARD = "gnu++0x";
				CLANG_CXX_LIBRARY = "libc++";
				CLANG_ENABLE_MODULES = YES;
				CLANG_ENABLE_OBJC_ARC = YES;
				CLANG_WARN_BOOL_CONVERSION = YES;
				CLANG_WARN_CONSTANT_CONVERSION = YES;
				CLANG_WARN_DIRECT_OBJC_ISA_USAGE = YES_ERROR;
				CLANG_WARN_DOCUMENTATION_COMMENTS = YES;
				CLANG_WARN_EMPTY_BODY = YES;
				CLANG_WARN_ENUM_CONVERSION = YES;
				CLANG_WARN_INFINITE_RECURSION = YES;
				CLANG_WARN_INT_CONVERSION = YES;
				CLANG_WARN_OBJC_ROOT_CLASS = YES_ERROR;
				CLANG_WARN_SUSPICIOUS_MOVE = YES;
				CLANG_WARN_UNREACHABLE_CODE = YES;
				CLANG_WARN__DUPLICATE_METHOD_MATCH = YES;
				"CODE_SIGN_IDENTITY[sdk=iphoneos*]" = "iPhone Developer";
				COPY_PHASE_STRIP = NO;
				DEBUG_INFORMATION_FORMAT = dwarf;
				ENABLE_STRICT_OBJC_MSGSEND = YES;
				ENABLE_TESTABILITY = YES;
				GCC_C_LANGUAGE_STANDARD = gnu99;
				GCC_DYNAMIC_NO_PIC = NO;
				GCC_NO_COMMON_BLOCKS = YES;
				GCC_OPTIMIZATION_LEVEL = 0;
				GCC_PREPROCESSOR_DEFINITIONS = (
					"DEBUG=1",
					"$(inherited)",
				);
				GCC_WARN_64_TO_32_BIT_CONVERSION = YES;
				GCC_WARN_ABOUT_RETURN_TYPE = YES_ERROR;
				GCC_WARN_UNDECLARED_SELECTOR = YES;
				GCC_WARN_UNINITIALIZED_AUTOS = YES_AGGRESSIVE;
				GCC_WARN_UNUSED_FUNCTION = YES;
				GCC_WARN_UNUSED_VARIABLE = YES;
				IPHONEOS_DEPLOYMENT_TARGET = 10.3;
				MTL_ENABLE_DEBUG_INFO = YES;
				ONLY_ACTIVE_ARCH = YES;
				SDKROOT = iphoneos;
				SWIFT_ACTIVE_COMPILATION_CONDITIONS = DEBUG;
				SWIFT_OPTIMIZATION_LEVEL = "-Onone";
				TARGETED_DEVICE_FAMILY = "1,2";
			};
			name = Debug;
		};
		D1B0A05A1F23DDB60079CD1D /* Release */ = {
			isa = XCBuildConfiguration;
			buildSettings = {
				ALWAYS_SEARCH_USER_PATHS = NO;
				CLANG_ANALYZER_NONNULL = YES;
				CLANG_ANALYZER_NUMBER_OBJECT_CONVERSION = YES_AGGRESSIVE;
				CLANG_CXX_LANGUAGE_STANDARD = "gnu++0x";
				CLANG_CXX_LIBRARY = "libc++";
				CLANG_ENABLE_MODULES = YES;
				CLANG_ENABLE_OBJC_ARC = YES;
				CLANG_WARN_BOOL_CONVERSION = YES;
				CLANG_WARN_CONSTANT_CONVERSION = YES;
				CLANG_WARN_DIRECT_OBJC_ISA_USAGE = YES_ERROR;
				CLANG_WARN_DOCUMENTATION_COMMENTS = YES;
				CLANG_WARN_EMPTY_BODY = YES;
				CLANG_WARN_ENUM_CONVERSION = YES;
				CLANG_WARN_INFINITE_RECURSION = YES;
				CLANG_WARN_INT_CONVERSION = YES;
				CLANG_WARN_OBJC_ROOT_CLASS = YES_ERROR;
				CLANG_WARN_SUSPICIOUS_MOVE = YES;
				CLANG_WARN_UNREACHABLE_CODE = YES;
				CLANG_WARN__DUPLICATE_METHOD_MATCH = YES;
				"CODE_SIGN_IDENTITY[sdk=iphoneos*]" = "iPhone Developer";
				COPY_PHASE_STRIP = NO;
				DEBUG_INFORMATION_FORMAT = "dwarf-with-dsym";
				ENABLE_NS_ASSERTIONS = NO;
				ENABLE_STRICT_OBJC_MSGSEND = YES;
				GCC_C_LANGUAGE_STANDARD = gnu99;
				GCC_NO_COMMON_BLOCKS = YES;
				GCC_WARN_64_TO_32_BIT_CONVERSION = YES;
				GCC_WARN_ABOUT_RETURN_TYPE = YES_ERROR;
				GCC_WARN_UNDECLARED_SELECTOR = YES;
				GCC_WARN_UNINITIALIZED_AUTOS = YES_AGGRESSIVE;
				GCC_WARN_UNUSED_FUNCTION = YES;
				GCC_WARN_UNUSED_VARIABLE = YES;
				IPHONEOS_DEPLOYMENT_TARGET = 10.3;
				MTL_ENABLE_DEBUG_INFO = NO;
				SDKROOT = iphoneos;
				SWIFT_OPTIMIZATION_LEVEL = "-Owholemodule";
				TARGETED_DEVICE_FAMILY = "1,2";
				VALIDATE_PRODUCT = YES;
			};
			name = Release;
		};
		D1B0A05C1F23DDB60079CD1D /* Debug */ = {
			isa = XCBuildConfiguration;
			baseConfigurationReference = 60AD7EAA2778E3FD27BF13D9 /* Pods-pokedex10.debug.xcconfig */;
			buildSettings = {
				ASSETCATALOG_COMPILER_APPICON_NAME = AppIcon;
				DEVELOPMENT_TEAM = E2T7T7WYNN;
				INFOPLIST_FILE = pokedex10/Info.plist;
				LD_RUNPATH_SEARCH_PATHS = "$(inherited) @executable_path/Frameworks";
				PRODUCT_BUNDLE_IDENTIFIER = net.AppITWorks.pokedex10;
				PRODUCT_NAME = "$(TARGET_NAME)";
				SWIFT_VERSION = 3.0;
			};
			name = Debug;
		};
		D1B0A05D1F23DDB60079CD1D /* Release */ = {
			isa = XCBuildConfiguration;
			baseConfigurationReference = A94665D982425E07F1A45CDB /* Pods-pokedex10.release.xcconfig */;
			buildSettings = {
				ASSETCATALOG_COMPILER_APPICON_NAME = AppIcon;
				DEVELOPMENT_TEAM = E2T7T7WYNN;
				INFOPLIST_FILE = pokedex10/Info.plist;
				LD_RUNPATH_SEARCH_PATHS = "$(inherited) @executable_path/Frameworks";
				PRODUCT_BUNDLE_IDENTIFIER = net.AppITWorks.pokedex10;
				PRODUCT_NAME = "$(TARGET_NAME)";
				SWIFT_VERSION = 3.0;
			};
			name = Release;
		};
		D1B0A05F1F23DDB60079CD1D /* Debug */ = {
			isa = XCBuildConfiguration;
			baseConfigurationReference = C1E4267C4E5C4475D6A76876 /* Pods-pokedex10Tests.debug.xcconfig */;
			buildSettings = {
				ALWAYS_EMBED_SWIFT_STANDARD_LIBRARIES = YES;
				BUNDLE_LOADER = "$(TEST_HOST)";
				DEVELOPMENT_TEAM = E2T7T7WYNN;
				INFOPLIST_FILE = pokedex10Tests/Info.plist;
				LD_RUNPATH_SEARCH_PATHS = "$(inherited) @executable_path/Frameworks @loader_path/Frameworks";
				PRODUCT_BUNDLE_IDENTIFIER = net.AppITWorks.pokedex10Tests;
				PRODUCT_NAME = "$(TARGET_NAME)";
				SWIFT_VERSION = 3.0;
				TEST_HOST = "$(BUILT_PRODUCTS_DIR)/pokedex10.app/pokedex10";
			};
			name = Debug;
		};
		D1B0A0601F23DDB60079CD1D /* Release */ = {
			isa = XCBuildConfiguration;
			baseConfigurationReference = 94AF09FAACE540B656AC74D5 /* Pods-pokedex10Tests.release.xcconfig */;
			buildSettings = {
				ALWAYS_EMBED_SWIFT_STANDARD_LIBRARIES = YES;
				BUNDLE_LOADER = "$(TEST_HOST)";
				DEVELOPMENT_TEAM = E2T7T7WYNN;
				INFOPLIST_FILE = pokedex10Tests/Info.plist;
				LD_RUNPATH_SEARCH_PATHS = "$(inherited) @executable_path/Frameworks @loader_path/Frameworks";
				PRODUCT_BUNDLE_IDENTIFIER = net.AppITWorks.pokedex10Tests;
				PRODUCT_NAME = "$(TARGET_NAME)";
				SWIFT_VERSION = 3.0;
				TEST_HOST = "$(BUILT_PRODUCTS_DIR)/pokedex10.app/pokedex10";
			};
			name = Release;
		};
		D1B0A0621F23DDB60079CD1D /* Debug */ = {
			isa = XCBuildConfiguration;
			baseConfigurationReference = 79A8D54D18629DDE8F81C649 /* Pods-pokedex10UITests.debug.xcconfig */;
			buildSettings = {
				ALWAYS_EMBED_SWIFT_STANDARD_LIBRARIES = YES;
				DEVELOPMENT_TEAM = E2T7T7WYNN;
				INFOPLIST_FILE = pokedex10UITests/Info.plist;
				LD_RUNPATH_SEARCH_PATHS = "$(inherited) @executable_path/Frameworks @loader_path/Frameworks";
				PRODUCT_BUNDLE_IDENTIFIER = net.AppITWorks.pokedex10UITests;
				PRODUCT_NAME = "$(TARGET_NAME)";
				SWIFT_VERSION = 3.0;
				TEST_TARGET_NAME = pokedex10;
			};
			name = Debug;
		};
		D1B0A0631F23DDB60079CD1D /* Release */ = {
			isa = XCBuildConfiguration;
			baseConfigurationReference = DFC9E943001B17CBD1AE0354 /* Pods-pokedex10UITests.release.xcconfig */;
			buildSettings = {
				ALWAYS_EMBED_SWIFT_STANDARD_LIBRARIES = YES;
				DEVELOPMENT_TEAM = E2T7T7WYNN;
				INFOPLIST_FILE = pokedex10UITests/Info.plist;
				LD_RUNPATH_SEARCH_PATHS = "$(inherited) @executable_path/Frameworks @loader_path/Frameworks";
				PRODUCT_BUNDLE_IDENTIFIER = net.AppITWorks.pokedex10UITests;
				PRODUCT_NAME = "$(TARGET_NAME)";
				SWIFT_VERSION = 3.0;
				TEST_TARGET_NAME = pokedex10;
			};
			name = Release;
		};
/* End XCBuildConfiguration section */

/* Begin XCConfigurationList section */
		D1B0A02E1F23DDB60079CD1D /* Build configuration list for PBXProject "pokedex10" */ = {
			isa = XCConfigurationList;
			buildConfigurations = (
				D1B0A0591F23DDB60079CD1D /* Debug */,
				D1B0A05A1F23DDB60079CD1D /* Release */,
			);
			defaultConfigurationIsVisible = 0;
			defaultConfigurationName = Release;
		};
		D1B0A05B1F23DDB60079CD1D /* Build configuration list for PBXNativeTarget "pokedex10" */ = {
			isa = XCConfigurationList;
			buildConfigurations = (
				D1B0A05C1F23DDB60079CD1D /* Debug */,
				D1B0A05D1F23DDB60079CD1D /* Release */,
			);
			defaultConfigurationIsVisible = 0;
			defaultConfigurationName = Release;
		};
		D1B0A05E1F23DDB60079CD1D /* Build configuration list for PBXNativeTarget "pokedex10Tests" */ = {
			isa = XCConfigurationList;
			buildConfigurations = (
				D1B0A05F1F23DDB60079CD1D /* Debug */,
				D1B0A0601F23DDB60079CD1D /* Release */,
			);
			defaultConfigurationIsVisible = 0;
			defaultConfigurationName = Release;
		};
		D1B0A0611F23DDB60079CD1D /* Build configuration list for PBXNativeTarget "pokedex10UITests" */ = {
			isa = XCConfigurationList;
			buildConfigurations = (
				D1B0A0621F23DDB60079CD1D /* Debug */,
				D1B0A0631F23DDB60079CD1D /* Release */,
			);
			defaultConfigurationIsVisible = 0;
			defaultConfigurationName = Release;
		};
/* End XCConfigurationList section */
	};
	rootObject = D1B0A02B1F23DDB60079CD1D /* Project object */;
}
